
Microsoft Visual Studio Solution File, Format Version 12.00
# Visual Studio Version 17
VisualStudioVersion = 17.4.33122.133
MinimumVisualStudioVersion = 10.0.40219.1
Project("{9A19103F-16F7-4668-BE54-9A1E7A4F7556}") = "Simple Factory", "Simple Factory\Simple Factory.csproj", "{E45ADB84-A56D-4E28-9C96-DF779E47337F}"
EndProject
Project("{9A19103F-16F7-4668-BE54-9A1E7A4F7556}") = "Factory Method", "Factory Method\Factory Method.csproj", "{F4E18035-1DCD-4109-9D51-5D4B1496AB88}"
EndProject
Project("{9A19103F-16F7-4668-BE54-9A1E7A4F7556}") = "Abstract Factory", "Abstract Factory\Abstract Factory.csproj", "{834ECE96-F1C8-4470-A68C-6C270A192C1A}"
EndProject
Project("{9A19103F-16F7-4668-BE54-9A1E7A4F7556}") = "Builder", "Builder\Builder.csproj", "{85F1116A-34DA-4A19-8AB6-71AE992AA4DB}"
EndProject
Project("{9A19103F-16F7-4668-BE54-9A1E7A4F7556}") = "Fluent Builder", "Fluent Builder\Fluent Builder.csproj", "{AE327388-15F0-47CF-82C5-255810769A68}"
EndProject
Project("{FAE04EC0-301F-11D3-BF4B-00C04F79EFBC}") = "Prototype", "Prototype\Prototype.csproj", "{CAA5F2A5-6EAB-4ED1-93AC-A1D49BF692B8}"
EndProject
Global
	GlobalSection(SolutionConfigurationPlatforms) = preSolution
		Debug|Any CPU = Debug|Any CPU
		Release|Any CPU = Release|Any CPU
	EndGlobalSection
	GlobalSection(ProjectConfigurationPlatforms) = postSolution
		{E45ADB84-A56D-4E28-9C96-DF779E47337F}.Debug|Any CPU.ActiveCfg = Debug|Any CPU
		{E45ADB84-A56D-4E28-9C96-DF779E47337F}.Debug|Any CPU.Build.0 = Debug|Any CPU
		{E45ADB84-A56D-4E28-9C96-DF779E47337F}.Release|Any CPU.ActiveCfg = Release|Any CPU
		{E45ADB84-A56D-4E28-9C96-DF779E47337F}.Release|Any CPU.Build.0 = Release|Any CPU
		{F4E18035-1DCD-4109-9D51-5D4B1496AB88}.Debug|Any CPU.ActiveCfg = Debug|Any CPU
		{F4E18035-1DCD-4109-9D51-5D4B1496AB88}.Debug|Any CPU.Build.0 = Debug|Any CPU
		{F4E18035-1DCD-4109-9D51-5D4B1496AB88}.Release|Any CPU.ActiveCfg = Release|Any CPU
		{F4E18035-1DCD-4109-9D51-5D4B1496AB88}.Release|Any CPU.Build.0 = Release|Any CPU
		{834ECE96-F1C8-4470-A68C-6C270A192C1A}.Debug|Any CPU.ActiveCfg = Debug|Any CPU
		{834ECE96-F1C8-4470-A68C-6C270A192C1A}.Debug|Any CPU.Build.0 = Debug|Any CPU
		{834ECE96-F1C8-4470-A68C-6C270A192C1A}.Release|Any CPU.ActiveCfg = Release|Any CPU
		{834ECE96-F1C8-4470-A68C-6C270A192C1A}.Release|Any CPU.Build.0 = Release|Any CPU
		{85F1116A-34DA-4A19-8AB6-71AE992AA4DB}.Debug|Any CPU.ActiveCfg = Debug|Any CPU
		{85F1116A-34DA-4A19-8AB6-71AE992AA4DB}.Debug|Any CPU.Build.0 = Debug|Any CPU
		{85F1116A-34DA-4A19-8AB6-71AE992AA4DB}.Release|Any CPU.ActiveCfg = Release|Any CPU
		{85F1116A-34DA-4A19-8AB6-71AE992AA4DB}.Release|Any CPU.Build.0 = Release|Any CPU
		{AE327388-15F0-47CF-82C5-255810769A68}.Debug|Any CPU.ActiveCfg = Debug|Any CPU
		{AE327388-15F0-47CF-82C5-255810769A68}.Debug|Any CPU.Build.0 = Debug|Any CPU
		{AE327388-15F0-47CF-82C5-255810769A68}.Release|Any CPU.ActiveCfg = Release|Any CPU
		{AE327388-15F0-47CF-82C5-255810769A68}.Release|Any CPU.Build.0 = Release|Any CPU
		{CAA5F2A5-6EAB-4ED1-93AC-A1D49BF692B8}.Debug|Any CPU.ActiveCfg = Debug|Any CPU
		{CAA5F2A5-6EAB-4ED1-93AC-A1D49BF692B8}.Debug|Any CPU.Build.0 = Debug|Any CPU
		{CAA5F2A5-6EAB-4ED1-93AC-A1D49BF692B8}.Release|Any CPU.ActiveCfg = Release|Any CPU
		{CAA5F2A5-6EAB-4ED1-93AC-A1D49BF692B8}.Release|Any CPU.Build.0 = Release|Any CPU
	EndGlobalSection
	GlobalSection(SolutionProperties) = preSolution
		HideSolutionNode = FALSE
	EndGlobalSection
	GlobalSection(ExtensibilityGlobals) = postSolution
		SolutionGuid = {41D99BDE-7EE5-4FBB-95FA-24E396C9E2F6}
	EndGlobalSection
EndGlobal
